
Microsoft Visual Studio Solution File, Format Version 12.00
# Visual Studio 15
VisualStudioVersion = 15.0.27130.2003
MinimumVisualStudioVersion = 10.0.40219.1
Project("{FAE04EC0-301F-11D3-BF4B-00C04F79EFBC}") = "urlQR", "urlQR\urlQR.csproj", "{3C5E633F-4D8D-41B6-8299-5ABE77A7F064}"
EndProject
Global
	GlobalSection(SolutionConfigurationPlatforms) = preSolution
		Debug|ARM = Debug|ARM
		Debug|x64 = Debug|x64
		Debug|x86 = Debug|x86
		Release|ARM = Release|ARM
		Release|x64 = Release|x64
		Release|x86 = Release|x86
	EndGlobalSection
	GlobalSection(ProjectConfigurationPlatforms) = postSolution
		{3C5E633F-4D8D-41B6-8299-5ABE77A7F064}.Debug|ARM.ActiveCfg = Debug|ARM
		{3C5E633F-4D8D-41B6-8299-5ABE77A7F064}.Debug|ARM.Build.0 = Debug|ARM
		{3C5E633F-4D8D-41B6-8299-5ABE77A7F064}.Debug|ARM.Deploy.0 = Debug|ARM
		{3C5E633F-4D8D-41B6-8299-5ABE77A7F064}.Debug|x64.ActiveCfg = Debug|x64
		{3C5E633F-4D8D-41B6-8299-5ABE77A7F064}.Debug|x64.Build.0 = Debug|x64
		{3C5E633F-4D8D-41B6-8299-5ABE77A7F064}.Debug|x64.Deploy.0 = Debug|x64
		{3C5E633F-4D8D-41B6-8299-5ABE77A7F064}.Debug|x86.ActiveCfg = Debug|x86
		{3C5E633F-4D8D-41B6-8299-5ABE77A7F064}.Debug|x86.Build.0 = Debug|x86
		{3C5E633F-4D8D-41B6-8299-5ABE77A7F064}.Debug|x86.Deploy.0 = Debug|x86
		{3C5E633F-4D8D-41B6-8299-5ABE77A7F064}.Release|ARM.ActiveCfg = Release|ARM
		{3C5E633F-4D8D-41B6-8299-5ABE77A7F064}.Release|ARM.Build.0 = Release|ARM
		{3C5E633F-4D8D-41B6-8299-5ABE77A7F064}.Release|ARM.Deploy.0 = Release|ARM
		{3C5E633F-4D8D-41B6-8299-5ABE77A7F064}.Release|x64.ActiveCfg = Release|x64
		{3C5E633F-4D8D-41B6-8299-5ABE77A7F064}.Release|x64.Build.0 = Release|x64
		{3C5E633F-4D8D-41B6-8299-5ABE77A7F064}.Release|x64.Deploy.0 = Release|x64
		{3C5E633F-4D8D-41B6-8299-5ABE77A7F064}.Release|x86.ActiveCfg = Release|x86
		{3C5E633F-4D8D-41B6-8299-5ABE77A7F064}.Release|x86.Build.0 = Release|x86
		{3C5E633F-4D8D-41B6-8299-5ABE77A7F064}.Release|x86.Deploy.0 = Release|x86
	EndGlobalSection
	GlobalSection(SolutionProperties) = preSolution
		HideSolutionNode = FALSE
	EndGlobalSection
	GlobalSection(ExtensibilityGlobals) = postSolution
		SolutionGuid = {15435D5C-82B4-4117-8E8B-60B8B2847257}
	EndGlobalSection
EndGlobal
